
Microsoft Visual Studio Solution File, Format Version 12.00
# Visual Studio Version 17
VisualStudioVersion = 17.11.35327.3
MinimumVisualStudioVersion = 10.0.40219.1
Project("{9A19103F-16F7-4668-BE54-9A1E7A4F7556}") = "DeliveryPlatform.WebApi", "DeliveryPlatform.WebApi\DeliveryPlatform.WebApi.csproj", "{F129BF3B-EF6C-48EC-9AA1-5525A0935D6F}"
EndProject
Project("{2150E333-8FDC-42A3-9474-1A3956D46DE8}") = "Solutions Items", "Solutions Items", "{772F727A-C849-4616-8058-E4AE76ED587B}"
	ProjectSection(SolutionItems) = preProject
		..\.editorconfig = ..\.editorconfig
		..\Directory.Build.props = ..\Directory.Build.props
	EndProjectSection
EndProject
Project("{2150E333-8FDC-42A3-9474-1A3956D46DE8}") = "src", "src", "{0928971C-8827-47C6-8E85-A825CAD1FC75}"
EndProject
Project("{2150E333-8FDC-42A3-9474-1A3956D46DE8}") = "Commun", "Commun", "{7F005C74-DD16-4A14-A038-CE7E2778B0AC}"
EndProject
Project("{9A19103F-16F7-4668-BE54-9A1E7A4F7556}") = "DeliveryPlatform.Shared", "Commun\DeliveryPlatform.Shared\DeliveryPlatform.Shared.csproj", "{C6ED8806-B74D-4E8F-BFF4-037034394069}"
EndProject
Project("{9A19103F-16F7-4668-BE54-9A1E7A4F7556}") = "DeliveryPlatform.Application", "DeliveryPlatform.Application\DeliveryPlatform.Application.csproj", "{BC5F6823-4F67-4C0C-8BB5-70238C4A9A17}"
EndProject
Project("{9A19103F-16F7-4668-BE54-9A1E7A4F7556}") = "DeliveryPlatform.Domain", "DeliveryPlatform.Domain\DeliveryPlatform.Domain.csproj", "{E37D1E6F-B1EE-4DCF-8CCA-7E54BFCB7E07}"
EndProject
Project("{9A19103F-16F7-4668-BE54-9A1E7A4F7556}") = "DeliveryPlatform.Infrastructure", "DeliveryPlatform.Infrastructure\DeliveryPlatform.Infrastructure.csproj", "{7ABEE479-87A2-4F8F-A5D0-65919DEFED19}"
EndProject
Project("{E53339B2-1760-4266-BCC7-CA923CBCF16C}") = "docker-compose", "docker-compose.dcproj", "{09F174AC-C8B0-4C37-B5CE-4D294E25FCE3}"
EndProject
Global
	GlobalSection(SolutionConfigurationPlatforms) = preSolution
		Debug|Any CPU = Debug|Any CPU
		Release|Any CPU = Release|Any CPU
	EndGlobalSection
	GlobalSection(ProjectConfigurationPlatforms) = postSolution
		{F129BF3B-EF6C-48EC-9AA1-5525A0935D6F}.Debug|Any CPU.ActiveCfg = Debug|Any CPU
		{F129BF3B-EF6C-48EC-9AA1-5525A0935D6F}.Debug|Any CPU.Build.0 = Debug|Any CPU
		{F129BF3B-EF6C-48EC-9AA1-5525A0935D6F}.Release|Any CPU.ActiveCfg = Release|Any CPU
		{F129BF3B-EF6C-48EC-9AA1-5525A0935D6F}.Release|Any CPU.Build.0 = Release|Any CPU
		{C6ED8806-B74D-4E8F-BFF4-037034394069}.Debug|Any CPU.ActiveCfg = Debug|Any CPU
		{C6ED8806-B74D-4E8F-BFF4-037034394069}.Debug|Any CPU.Build.0 = Debug|Any CPU
		{C6ED8806-B74D-4E8F-BFF4-037034394069}.Release|Any CPU.ActiveCfg = Release|Any CPU
		{C6ED8806-B74D-4E8F-BFF4-037034394069}.Release|Any CPU.Build.0 = Release|Any CPU
		{BC5F6823-4F67-4C0C-8BB5-70238C4A9A17}.Debug|Any CPU.ActiveCfg = Debug|Any CPU
		{BC5F6823-4F67-4C0C-8BB5-70238C4A9A17}.Debug|Any CPU.Build.0 = Debug|Any CPU
		{BC5F6823-4F67-4C0C-8BB5-70238C4A9A17}.Release|Any CPU.ActiveCfg = Release|Any CPU
		{BC5F6823-4F67-4C0C-8BB5-70238C4A9A17}.Release|Any CPU.Build.0 = Release|Any CPU
		{E37D1E6F-B1EE-4DCF-8CCA-7E54BFCB7E07}.Debug|Any CPU.ActiveCfg = Debug|Any CPU
		{E37D1E6F-B1EE-4DCF-8CCA-7E54BFCB7E07}.Debug|Any CPU.Build.0 = Debug|Any CPU
		{E37D1E6F-B1EE-4DCF-8CCA-7E54BFCB7E07}.Release|Any CPU.ActiveCfg = Release|Any CPU
		{E37D1E6F-B1EE-4DCF-8CCA-7E54BFCB7E07}.Release|Any CPU.Build.0 = Release|Any CPU
		{7ABEE479-87A2-4F8F-A5D0-65919DEFED19}.Debug|Any CPU.ActiveCfg = Debug|Any CPU
		{7ABEE479-87A2-4F8F-A5D0-65919DEFED19}.Debug|Any CPU.Build.0 = Debug|Any CPU
		{7ABEE479-87A2-4F8F-A5D0-65919DEFED19}.Release|Any CPU.ActiveCfg = Release|Any CPU
		{7ABEE479-87A2-4F8F-A5D0-65919DEFED19}.Release|Any CPU.Build.0 = Release|Any CPU
		{09F174AC-C8B0-4C37-B5CE-4D294E25FCE3}.Debug|Any CPU.ActiveCfg = Debug|Any CPU
		{09F174AC-C8B0-4C37-B5CE-4D294E25FCE3}.Debug|Any CPU.Build.0 = Debug|Any CPU
		{09F174AC-C8B0-4C37-B5CE-4D294E25FCE3}.Release|Any CPU.ActiveCfg = Release|Any CPU
		{09F174AC-C8B0-4C37-B5CE-4D294E25FCE3}.Release|Any CPU.Build.0 = Release|Any CPU
	EndGlobalSection
	GlobalSection(SolutionProperties) = preSolution
		HideSolutionNode = FALSE
	EndGlobalSection
	GlobalSection(NestedProjects) = preSolution
		{F129BF3B-EF6C-48EC-9AA1-5525A0935D6F} = {0928971C-8827-47C6-8E85-A825CAD1FC75}
		{7F005C74-DD16-4A14-A038-CE7E2778B0AC} = {0928971C-8827-47C6-8E85-A825CAD1FC75}
		{C6ED8806-B74D-4E8F-BFF4-037034394069} = {7F005C74-DD16-4A14-A038-CE7E2778B0AC}
		{BC5F6823-4F67-4C0C-8BB5-70238C4A9A17} = {0928971C-8827-47C6-8E85-A825CAD1FC75}
		{E37D1E6F-B1EE-4DCF-8CCA-7E54BFCB7E07} = {0928971C-8827-47C6-8E85-A825CAD1FC75}
		{7ABEE479-87A2-4F8F-A5D0-65919DEFED19} = {0928971C-8827-47C6-8E85-A825CAD1FC75}
	EndGlobalSection
	GlobalSection(ExtensibilityGlobals) = postSolution
		SolutionGuid = {E82A39BF-4420-4725-9604-33464F99DEC9}
	EndGlobalSection
EndGlobal
