
Microsoft Visual Studio Solution File, Format Version 12.00
# Visual Studio Version 17
VisualStudioVersion = 17.11.35327.3
MinimumVisualStudioVersion = 10.0.40219.1
Project("{FAE04EC0-301F-11D3-BF4B-00C04F79EFBC}") = "DeliveryPlatform.WebApi", "DeliveryPlatform.WebApi\DeliveryPlatform.WebApi.csproj", "{3EDC6F82-9EF5-4870-BC28-2A6989DEC9C0}"
EndProject
Project("{2150E333-8FDC-42A3-9474-1A3956D46DE8}") = "src", "src", "{28B88AD1-9FEB-49D6-8E79-E4435F61CE6E}"
EndProject
Project("{2150E333-8FDC-42A3-9474-1A3956D46DE8}") = "Solution Items", "Solution Items", "{67C2C14C-2B74-4563-BAFC-178E8314ECDB}"
	ProjectSection(SolutionItems) = preProject
		..\.editorconfig = ..\.editorconfig
		..\Directory.Build.props = ..\Directory.Build.props
	EndProjectSection
EndProject
Project("{2150E333-8FDC-42A3-9474-1A3956D46DE8}") = "Commun", "Commun", "{8ECB4185-AC8A-4FBA-B111-A251550BA2BF}"
EndProject
Project("{FAE04EC0-301F-11D3-BF4B-00C04F79EFBC}") = "DeliveryPlatform.Shared", "Commun\DeliveryPlatform.Shared\DeliveryPlatform.Shared.csproj", "{F70364BF-A23C-4428-88C4-C726BB6827CA}"
EndProject
Project("{FAE04EC0-301F-11D3-BF4B-00C04F79EFBC}") = "DeliveryPlatform.Application", "DeliveryPlatform.Application\ClassLibrary1\DeliveryPlatform.Application.csproj", "{1DB2001A-411B-4D3F-A374-014518C4FDB7}"
EndProject
Project("{FAE04EC0-301F-11D3-BF4B-00C04F79EFBC}") = "DeliveryPlatform.Domain", "DeliveryPlatform.Domain\DeliveryPlatform.Domain\DeliveryPlatform.Domain.csproj", "{ADD56DC2-3607-410C-8C56-2FE64333A800}"
EndProject
Project("{FAE04EC0-301F-11D3-BF4B-00C04F79EFBC}") = "DeliveryPlatform.Infrastructure", "DeliveryPlatform.Infrastructure\DeliveryPlatform.Infrastructure\DeliveryPlatform.Infrastructure.csproj", "{6CEA8A80-75A0-49FF-AAAF-527CB7C99AAF}"
EndProject
Global
	GlobalSection(SolutionConfigurationPlatforms) = preSolution
		Debug|Any CPU = Debug|Any CPU
		Release|Any CPU = Release|Any CPU
	EndGlobalSection
	GlobalSection(ProjectConfigurationPlatforms) = postSolution
		{3EDC6F82-9EF5-4870-BC28-2A6989DEC9C0}.Debug|Any CPU.ActiveCfg = Debug|Any CPU
		{3EDC6F82-9EF5-4870-BC28-2A6989DEC9C0}.Debug|Any CPU.Build.0 = Debug|Any CPU
		{3EDC6F82-9EF5-4870-BC28-2A6989DEC9C0}.Release|Any CPU.ActiveCfg = Release|Any CPU
		{3EDC6F82-9EF5-4870-BC28-2A6989DEC9C0}.Release|Any CPU.Build.0 = Release|Any CPU
		{F70364BF-A23C-4428-88C4-C726BB6827CA}.Debug|Any CPU.ActiveCfg = Debug|Any CPU
		{F70364BF-A23C-4428-88C4-C726BB6827CA}.Debug|Any CPU.Build.0 = Debug|Any CPU
		{F70364BF-A23C-4428-88C4-C726BB6827CA}.Release|Any CPU.ActiveCfg = Release|Any CPU
		{F70364BF-A23C-4428-88C4-C726BB6827CA}.Release|Any CPU.Build.0 = Release|Any CPU
		{1DB2001A-411B-4D3F-A374-014518C4FDB7}.Debug|Any CPU.ActiveCfg = Debug|Any CPU
		{1DB2001A-411B-4D3F-A374-014518C4FDB7}.Debug|Any CPU.Build.0 = Debug|Any CPU
		{1DB2001A-411B-4D3F-A374-014518C4FDB7}.Release|Any CPU.ActiveCfg = Release|Any CPU
		{1DB2001A-411B-4D3F-A374-014518C4FDB7}.Release|Any CPU.Build.0 = Release|Any CPU
		{ADD56DC2-3607-410C-8C56-2FE64333A800}.Debug|Any CPU.ActiveCfg = Debug|Any CPU
		{ADD56DC2-3607-410C-8C56-2FE64333A800}.Debug|Any CPU.Build.0 = Debug|Any CPU
		{ADD56DC2-3607-410C-8C56-2FE64333A800}.Release|Any CPU.ActiveCfg = Release|Any CPU
		{ADD56DC2-3607-410C-8C56-2FE64333A800}.Release|Any CPU.Build.0 = Release|Any CPU
		{6CEA8A80-75A0-49FF-AAAF-527CB7C99AAF}.Debug|Any CPU.ActiveCfg = Debug|Any CPU
		{6CEA8A80-75A0-49FF-AAAF-527CB7C99AAF}.Debug|Any CPU.Build.0 = Debug|Any CPU
		{6CEA8A80-75A0-49FF-AAAF-527CB7C99AAF}.Release|Any CPU.ActiveCfg = Release|Any CPU
		{6CEA8A80-75A0-49FF-AAAF-527CB7C99AAF}.Release|Any CPU.Build.0 = Release|Any CPU
	EndGlobalSection
	GlobalSection(SolutionProperties) = preSolution
		HideSolutionNode = FALSE
	EndGlobalSection
	GlobalSection(NestedProjects) = preSolution
		{3EDC6F82-9EF5-4870-BC28-2A6989DEC9C0} = {28B88AD1-9FEB-49D6-8E79-E4435F61CE6E}
		{8ECB4185-AC8A-4FBA-B111-A251550BA2BF} = {28B88AD1-9FEB-49D6-8E79-E4435F61CE6E}
		{F70364BF-A23C-4428-88C4-C726BB6827CA} = {8ECB4185-AC8A-4FBA-B111-A251550BA2BF}
		{1DB2001A-411B-4D3F-A374-014518C4FDB7} = {28B88AD1-9FEB-49D6-8E79-E4435F61CE6E}
		{ADD56DC2-3607-410C-8C56-2FE64333A800} = {28B88AD1-9FEB-49D6-8E79-E4435F61CE6E}
		{6CEA8A80-75A0-49FF-AAAF-527CB7C99AAF} = {28B88AD1-9FEB-49D6-8E79-E4435F61CE6E}
	EndGlobalSection
	GlobalSection(ExtensibilityGlobals) = postSolution
		SolutionGuid = {970CE0FE-B1E3-4A60-B4B5-ED869F49CD9B}
	EndGlobalSection
EndGlobal
